
Microsoft Visual Studio Solution File, Format Version 12.00
# Visual Studio Version 17
VisualStudioVersion = 17.14.36221.1 d17.14
MinimumVisualStudioVersion = 10.0.40219.1
Project("{FAE04EC0-301F-11D3-BF4B-00C04F79EFBC}") = "ClickGame", "ClickGame\ClickGame.csproj", "{A6D1E7E3-1F46-4865-A18D-E087A2B6825A}"
EndProject
Global
	GlobalSection(SolutionConfigurationPlatforms) = preSolution
		Debug|Any CPU = Debug|Any CPU
		Release|Any CPU = Release|Any CPU
	EndGlobalSection
	GlobalSection(ProjectConfigurationPlatforms) = postSolution
		{A6D1E7E3-1F46-4865-A18D-E087A2B6825A}.Debug|Any CPU.ActiveCfg = Debug|Any CPU
		{A6D1E7E3-1F46-4865-A18D-E087A2B6825A}.Debug|Any CPU.Build.0 = Debug|Any CPU
		{A6D1E7E3-1F46-4865-A18D-E087A2B6825A}.Release|Any CPU.ActiveCfg = Release|Any CPU
		{A6D1E7E3-1F46-4865-A18D-E087A2B6825A}.Release|Any CPU.Build.0 = Release|Any CPU
	EndGlobalSection
	GlobalSection(SolutionProperties) = preSolution
		HideSolutionNode = FALSE
	EndGlobalSection
	GlobalSection(ExtensibilityGlobals) = postSolution
		SolutionGuid = {FD47BFC1-B89C-40D6-A013-D79B34541835}
	EndGlobalSection
EndGlobal
